
Microsoft Visual Studio Solution File, Format Version 11.00
# Visual Studio 2010
Project("{FAE04EC0-301F-11D3-BF4B-00C04F79EFBC}") = "BdatumRestore", "BdatumRestore\BdatumRestore.csproj", "{1F8A7315-9EF8-4FE1-9B6C-D4EA61E42281}"
EndProject
Global
	GlobalSection(SolutionConfigurationPlatforms) = preSolution
		Debug|x86 = Debug|x86
		Release|x86 = Release|x86
	EndGlobalSection
	GlobalSection(ProjectConfigurationPlatforms) = postSolution
		{1F8A7315-9EF8-4FE1-9B6C-D4EA61E42281}.Debug|x86.ActiveCfg = Debug|x86
		{1F8A7315-9EF8-4FE1-9B6C-D4EA61E42281}.Debug|x86.Build.0 = Debug|x86
		{1F8A7315-9EF8-4FE1-9B6C-D4EA61E42281}.Release|x86.ActiveCfg = Release|x86
		{1F8A7315-9EF8-4FE1-9B6C-D4EA61E42281}.Release|x86.Build.0 = Release|x86
	EndGlobalSection
	GlobalSection(SolutionProperties) = preSolution
		HideSolutionNode = FALSE
	EndGlobalSection
EndGlobal
